// !$*UTF8*$!
{
	archiveVersion = 1;
	classes = {
	};
	objectVersion = 56;
	objects = {

/* Begin PBXBuildFile section */
		8B27CECB2B020E6F008B5D8C /* menu.cpp in Sources */ = {isa = PBXBuildFile; fileRef = 8B27CEC92B020E6F008B5D8C /* menu.cpp */; };
		8B71129B2B015A4F00680DC4 /* main.cpp in Sources */ = {isa = PBXBuildFile; fileRef = 8B71129A2B015A4F00680DC4 /* main.cpp */; };
		8B7112A32B015B0A00680DC4 /* game.cpp in Sources */ = {isa = PBXBuildFile; fileRef = 8B7112A12B015B0A00680DC4 /* game.cpp */; };
		8BBE4BF62B0829DE008649BA /* character.cpp in Sources */ = {isa = PBXBuildFile; fileRef = 8BBE4BF42B0829DD008649BA /* character.cpp */; };
		8BBE4BFA2B083126008649BA /* gear.cpp in Sources */ = {isa = PBXBuildFile; fileRef = 8BBE4BF82B083125008649BA /* gear.cpp */; };
		8BC1F18E2B09205000F1409F /* character_utils.cpp in Sources */ = {isa = PBXBuildFile; fileRef = 8BC1F18C2B09205000F1409F /* character_utils.cpp */; };
		8BE771312B015DB30090172D /* world.cpp in Sources */ = {isa = PBXBuildFile; fileRef = 8BE7712F2B015DB30090172D /* world.cpp */; };
/* End PBXBuildFile section */

/* Begin PBXCopyFilesBuildPhase section */
		8B7112952B015A4E00680DC4 /* CopyFiles */ = {
			isa = PBXCopyFilesBuildPhase;
			buildActionMask = 2147483647;
			dstPath = /usr/share/man/man1/;
			dstSubfolderSpec = 0;
			files = (
			);
			runOnlyForDeploymentPostprocessing = 1;
		};
/* End PBXCopyFilesBuildPhase section */

/* Begin PBXFileReference section */
		8B27CEC92B020E6F008B5D8C /* menu.cpp */ = {isa = PBXFileReference; lastKnownFileType = sourcecode.cpp.cpp; path = menu.cpp; sourceTree = "<group>"; };
		8B27CECA2B020E6F008B5D8C /* menu.hpp */ = {isa = PBXFileReference; lastKnownFileType = sourcecode.cpp.h; path = menu.hpp; sourceTree = "<group>"; };
		8B7112972B015A4F00680DC4 /* dungeon-delver */ = {isa = PBXFileReference; explicitFileType = "compiled.mach-o.executable"; includeInIndex = 0; path = "dungeon-delver"; sourceTree = BUILT_PRODUCTS_DIR; };
		8B71129A2B015A4F00680DC4 /* main.cpp */ = {isa = PBXFileReference; lastKnownFileType = sourcecode.cpp.cpp; path = main.cpp; sourceTree = "<group>"; };
		8B7112A12B015B0A00680DC4 /* game.cpp */ = {isa = PBXFileReference; lastKnownFileType = sourcecode.cpp.cpp; path = game.cpp; sourceTree = "<group>"; };
		8B7112A22B015B0A00680DC4 /* game.hpp */ = {isa = PBXFileReference; lastKnownFileType = sourcecode.cpp.h; path = game.hpp; sourceTree = "<group>"; };
		8BBE4BF42B0829DD008649BA /* character.cpp */ = {isa = PBXFileReference; lastKnownFileType = sourcecode.cpp.cpp; path = character.cpp; sourceTree = "<group>"; };
		8BBE4BF52B0829DD008649BA /* character.hpp */ = {isa = PBXFileReference; lastKnownFileType = sourcecode.cpp.h; path = character.hpp; sourceTree = "<group>"; };
		8BBE4BF82B083125008649BA /* gear.cpp */ = {isa = PBXFileReference; lastKnownFileType = sourcecode.cpp.cpp; path = gear.cpp; sourceTree = "<group>"; };
		8BBE4BF92B083125008649BA /* gear.hpp */ = {isa = PBXFileReference; lastKnownFileType = sourcecode.cpp.h; path = gear.hpp; sourceTree = "<group>"; };
		8BC1F18C2B09205000F1409F /* character_utils.cpp */ = {isa = PBXFileReference; lastKnownFileType = sourcecode.cpp.cpp; path = character_utils.cpp; sourceTree = "<group>"; };
		8BC1F18D2B09205000F1409F /* character_utils.hpp */ = {isa = PBXFileReference; lastKnownFileType = sourcecode.cpp.h; path = character_utils.hpp; sourceTree = "<group>"; };
		8BE7712F2B015DB30090172D /* world.cpp */ = {isa = PBXFileReference; lastKnownFileType = sourcecode.cpp.cpp; path = world.cpp; sourceTree = "<group>"; };
		8BE771302B015DB30090172D /* world.hpp */ = {isa = PBXFileReference; lastKnownFileType = sourcecode.cpp.h; path = world.hpp; sourceTree = "<group>"; };
/* End PBXFileReference section */

/* Begin PBXFrameworksBuildPhase section */
		8B7112942B015A4E00680DC4 /* Frameworks */ = {
			isa = PBXFrameworksBuildPhase;
			buildActionMask = 2147483647;
			files = (
			);
			runOnlyForDeploymentPostprocessing = 0;
		};
/* End PBXFrameworksBuildPhase section */

/* Begin PBXGroup section */
		8B71128E2B015A4E00680DC4 = {
			isa = PBXGroup;
			children = (
				8B7112992B015A4F00680DC4 /* dungeon-delver */,
				8B7112982B015A4F00680DC4 /* Products */,
			);
			sourceTree = "<group>";
		};
		8B7112982B015A4F00680DC4 /* Products */ = {
			isa = PBXGroup;
			children = (
				8B7112972B015A4F00680DC4 /* dungeon-delver */,
			);
			name = Products;
			sourceTree = "<group>";
		};
		8B7112992B015A4F00680DC4 /* dungeon-delver */ = {
			isa = PBXGroup;
			children = (
				8B71129A2B015A4F00680DC4 /* main.cpp */,
				8B7112A12B015B0A00680DC4 /* game.cpp */,
				8B27CEC92B020E6F008B5D8C /* menu.cpp */,
				8B27CECA2B020E6F008B5D8C /* menu.hpp */,
				8BE7712F2B015DB30090172D /* world.cpp */,
				8BE771302B015DB30090172D /* world.hpp */,
				8B7112A22B015B0A00680DC4 /* game.hpp */,
				8BBE4BF72B082A1A008649BA /* entity */,
			);
			path = "dungeon-delver";
			sourceTree = "<group>";
		};
		8BBE4BF72B082A1A008649BA /* entity */ = {
			isa = PBXGroup;
			children = (
				8BBE4BF42B0829DD008649BA /* character.cpp */,
				8BBE4BF52B0829DD008649BA /* character.hpp */,
				8BBE4BF82B083125008649BA /* gear.cpp */,
				8BBE4BF92B083125008649BA /* gear.hpp */,
				8BC1F18C2B09205000F1409F /* character_utils.cpp */,
				8BC1F18D2B09205000F1409F /* character_utils.hpp */,
			);
			path = entity;
			sourceTree = "<group>";
		};
/* End PBXGroup section */

/* Begin PBXNativeTarget section */
		8B7112962B015A4E00680DC4 /* dungeon-delver */ = {
			isa = PBXNativeTarget;
			buildConfigurationList = 8B71129E2B015A4F00680DC4 /* Build configuration list for PBXNativeTarget "dungeon-delver" */;
			buildPhases = (
				8B7112932B015A4E00680DC4 /* Sources */,
				8B7112942B015A4E00680DC4 /* Frameworks */,
				8B7112952B015A4E00680DC4 /* CopyFiles */,
			);
			buildRules = (
			);
			dependencies = (
			);
			name = "dungeon-delver";
			productName = "dungeon-delver";
			productReference = 8B7112972B015A4F00680DC4 /* dungeon-delver */;
			productType = "com.apple.product-type.tool";
		};
/* End PBXNativeTarget section */

/* Begin PBXProject section */
		8B71128F2B015A4E00680DC4 /* Project object */ = {
			isa = PBXProject;
			attributes = {
				BuildIndependentTargetsInParallel = 1;
				LastUpgradeCheck = 1500;
				TargetAttributes = {
					8B7112962B015A4E00680DC4 = {
						CreatedOnToolsVersion = 15.0.1;
					};
				};
			};
			buildConfigurationList = 8B7112922B015A4E00680DC4 /* Build configuration list for PBXProject "dungeon-delver" */;
			compatibilityVersion = "Xcode 14.0";
			developmentRegion = en;
			hasScannedForEncodings = 0;
			knownRegions = (
				en,
				Base,
			);
			mainGroup = 8B71128E2B015A4E00680DC4;
			productRefGroup = 8B7112982B015A4F00680DC4 /* Products */;
			projectDirPath = "";
			projectRoot = "";
			targets = (
				8B7112962B015A4E00680DC4 /* dungeon-delver */,
			);
		};
/* End PBXProject section */

/* Begin PBXSourcesBuildPhase section */
		8B7112932B015A4E00680DC4 /* Sources */ = {
			isa = PBXSourcesBuildPhase;
			buildActionMask = 2147483647;
			files = (
				8BBE4BF62B0829DE008649BA /* character.cpp in Sources */,
				8B71129B2B015A4F00680DC4 /* main.cpp in Sources */,
				8BBE4BFA2B083126008649BA /* gear.cpp in Sources */,
				8BC1F18E2B09205000F1409F /* character_utils.cpp in Sources */,
				8BE771312B015DB30090172D /* world.cpp in Sources */,
				8B27CECB2B020E6F008B5D8C /* menu.cpp in Sources */,
				8B7112A32B015B0A00680DC4 /* game.cpp in Sources */,
			);
			runOnlyForDeploymentPostprocessing = 0;
		};
/* End PBXSourcesBuildPhase section */

/* Begin XCBuildConfiguration section */
		8B71129C2B015A4F00680DC4 /* Debug */ = {
			isa = XCBuildConfiguration;
			buildSettings = {
				ALWAYS_SEARCH_USER_PATHS = NO;
				ASSETCATALOG_COMPILER_GENERATE_SWIFT_ASSET_SYMBOL_EXTENSIONS = YES;
				CLANG_ANALYZER_NONNULL = YES;
				CLANG_ANALYZER_NUMBER_OBJECT_CONVERSION = YES_AGGRESSIVE;
				CLANG_CXX_LANGUAGE_STANDARD = "gnu++20";
				CLANG_ENABLE_MODULES = YES;
				CLANG_ENABLE_OBJC_ARC = YES;
				CLANG_ENABLE_OBJC_WEAK = YES;
				CLANG_WARN_BLOCK_CAPTURE_AUTORELEASING = YES;
				CLANG_WARN_BOOL_CONVERSION = YES;
				CLANG_WARN_COMMA = YES;
				CLANG_WARN_CONSTANT_CONVERSION = YES;
				CLANG_WARN_DEPRECATED_OBJC_IMPLEMENTATIONS = YES;
				CLANG_WARN_DIRECT_OBJC_ISA_USAGE = YES_ERROR;
				CLANG_WARN_DOCUMENTATION_COMMENTS = YES;
				CLANG_WARN_EMPTY_BODY = YES;
				CLANG_WARN_ENUM_CONVERSION = YES;
				CLANG_WARN_INFINITE_RECURSION = YES;
				CLANG_WARN_INT_CONVERSION = YES;
				CLANG_WARN_NON_LITERAL_NULL_CONVERSION = YES;
				CLANG_WARN_OBJC_IMPLICIT_RETAIN_SELF = YES;
				CLANG_WARN_OBJC_LITERAL_CONVERSION = YES;
				CLANG_WARN_OBJC_ROOT_CLASS = YES_ERROR;
				CLANG_WARN_QUOTED_INCLUDE_IN_FRAMEWORK_HEADER = YES;
				CLANG_WARN_RANGE_LOOP_ANALYSIS = YES;
				CLANG_WARN_STRICT_PROTOTYPES = YES;
				CLANG_WARN_SUSPICIOUS_MOVE = YES;
				CLANG_WARN_UNGUARDED_AVAILABILITY = YES_AGGRESSIVE;
				CLANG_WARN_UNREACHABLE_CODE = YES;
				CLANG_WARN__DUPLICATE_METHOD_MATCH = YES;
				COPY_PHASE_STRIP = NO;
				DEBUG_INFORMATION_FORMAT = dwarf;
				ENABLE_STRICT_OBJC_MSGSEND = YES;
				ENABLE_TESTABILITY = YES;
				ENABLE_USER_SCRIPT_SANDBOXING = YES;
				GCC_C_LANGUAGE_STANDARD = gnu17;
				GCC_DYNAMIC_NO_PIC = NO;
				GCC_NO_COMMON_BLOCKS = YES;
				GCC_OPTIMIZATION_LEVEL = 0;
				GCC_PREPROCESSOR_DEFINITIONS = (
					"DEBUG=1",
					"$(inherited)",
				);
				GCC_WARN_64_TO_32_BIT_CONVERSION = YES;
				GCC_WARN_ABOUT_RETURN_TYPE = YES_ERROR;
				GCC_WARN_UNDECLARED_SELECTOR = YES;
				GCC_WARN_UNINITIALIZED_AUTOS = YES_AGGRESSIVE;
				GCC_WARN_UNUSED_FUNCTION = YES;
				GCC_WARN_UNUSED_VARIABLE = YES;
				LOCALIZATION_PREFERS_STRING_CATALOGS = YES;
				MACOSX_DEPLOYMENT_TARGET = 14.0;
				MTL_ENABLE_DEBUG_INFO = INCLUDE_SOURCE;
				MTL_FAST_MATH = YES;
				ONLY_ACTIVE_ARCH = YES;
				SDKROOT = macosx;
			};
			name = Debug;
		};
		8B71129D2B015A4F00680DC4 /* Release */ = {
			isa = XCBuildConfiguration;
			buildSettings = {
				ALWAYS_SEARCH_USER_PATHS = NO;
				ASSETCATALOG_COMPILER_GENERATE_SWIFT_ASSET_SYMBOL_EXTENSIONS = YES;
				CLANG_ANALYZER_NONNULL = YES;
				CLANG_ANALYZER_NUMBER_OBJECT_CONVERSION = YES_AGGRESSIVE;
				CLANG_CXX_LANGUAGE_STANDARD = "gnu++20";
				CLANG_ENABLE_MODULES = YES;
				CLANG_ENABLE_OBJC_ARC = YES;
				CLANG_ENABLE_OBJC_WEAK = YES;
				CLANG_WARN_BLOCK_CAPTURE_AUTORELEASING = YES;
				CLANG_WARN_BOOL_CONVERSION = YES;
				CLANG_WARN_COMMA = YES;
				CLANG_WARN_CONSTANT_CONVERSION = YES;
				CLANG_WARN_DEPRECATED_OBJC_IMPLEMENTATIONS = YES;
				CLANG_WARN_DIRECT_OBJC_ISA_USAGE = YES_ERROR;
				CLANG_WARN_DOCUMENTATION_COMMENTS = YES;
				CLANG_WARN_EMPTY_BODY = YES;
				CLANG_WARN_ENUM_CONVERSION = YES;
				CLANG_WARN_INFINITE_RECURSION = YES;
				CLANG_WARN_INT_CONVERSION = YES;
				CLANG_WARN_NON_LITERAL_NULL_CONVERSION = YES;
				CLANG_WARN_OBJC_IMPLICIT_RETAIN_SELF = YES;
				CLANG_WARN_OBJC_LITERAL_CONVERSION = YES;
				CLANG_WARN_OBJC_ROOT_CLASS = YES_ERROR;
				CLANG_WARN_QUOTED_INCLUDE_IN_FRAMEWORK_HEADER = YES;
				CLANG_WARN_RANGE_LOOP_ANALYSIS = YES;
				CLANG_WARN_STRICT_PROTOTYPES = YES;
				CLANG_WARN_SUSPICIOUS_MOVE = YES;
				CLANG_WARN_UNGUARDED_AVAILABILITY = YES_AGGRESSIVE;
				CLANG_WARN_UNREACHABLE_CODE = YES;
				CLANG_WARN__DUPLICATE_METHOD_MATCH = YES;
				COPY_PHASE_STRIP = NO;
				DEBUG_INFORMATION_FORMAT = "dwarf-with-dsym";
				ENABLE_NS_ASSERTIONS = NO;
				ENABLE_STRICT_OBJC_MSGSEND = YES;
				ENABLE_USER_SCRIPT_SANDBOXING = YES;
				GCC_C_LANGUAGE_STANDARD = gnu17;
				GCC_NO_COMMON_BLOCKS = YES;
				GCC_WARN_64_TO_32_BIT_CONVERSION = YES;
				GCC_WARN_ABOUT_RETURN_TYPE = YES_ERROR;
				GCC_WARN_UNDECLARED_SELECTOR = YES;
				GCC_WARN_UNINITIALIZED_AUTOS = YES_AGGRESSIVE;
				GCC_WARN_UNUSED_FUNCTION = YES;
				GCC_WARN_UNUSED_VARIABLE = YES;
				LOCALIZATION_PREFERS_STRING_CATALOGS = YES;
				MACOSX_DEPLOYMENT_TARGET = 14.0;
				MTL_ENABLE_DEBUG_INFO = NO;
				MTL_FAST_MATH = YES;
				SDKROOT = macosx;
			};
			name = Release;
		};
		8B71129F2B015A4F00680DC4 /* Debug */ = {
			isa = XCBuildConfiguration;
			buildSettings = {
				CODE_SIGN_STYLE = Automatic;
				PRODUCT_NAME = "$(TARGET_NAME)";
			};
			name = Debug;
		};
		8B7112A02B015A4F00680DC4 /* Release */ = {
			isa = XCBuildConfiguration;
			buildSettings = {
				CODE_SIGN_STYLE = Automatic;
				PRODUCT_NAME = "$(TARGET_NAME)";
			};
			name = Release;
		};
/* End XCBuildConfiguration section */

/* Begin XCConfigurationList section */
		8B7112922B015A4E00680DC4 /* Build configuration list for PBXProject "dungeon-delver" */ = {
			isa = XCConfigurationList;
			buildConfigurations = (
				8B71129C2B015A4F00680DC4 /* Debug */,
				8B71129D2B015A4F00680DC4 /* Release */,
			);
			defaultConfigurationIsVisible = 0;
			defaultConfigurationName = Release;
		};
		8B71129E2B015A4F00680DC4 /* Build configuration list for PBXNativeTarget "dungeon-delver" */ = {
			isa = XCConfigurationList;
			buildConfigurations = (
				8B71129F2B015A4F00680DC4 /* Debug */,
				8B7112A02B015A4F00680DC4 /* Release */,
			);
			defaultConfigurationIsVisible = 0;
			defaultConfigurationName = Release;
		};
/* End XCConfigurationList section */
	};
	rootObject = 8B71128F2B015A4E00680DC4 /* Project object */;
}
